// !$*UTF8*$!
{
	archiveVersion = 1;
	classes = {
	};
	objectVersion = 50;
	objects = {

/* Begin PBXBuildFile section */
		A0542D0121AB9D9C00A9DA5B /* AppDelegate.swift in Sources */ = {isa = PBXBuildFile; fileRef = A0542D0021AB9D9C00A9DA5B /* AppDelegate.swift */; };
		A0542D0321AB9D9C00A9DA5B /* ViewController.swift in Sources */ = {isa = PBXBuildFile; fileRef = A0542D0221AB9D9C00A9DA5B /* ViewController.swift */; };
		A0542D0621AB9D9C00A9DA5B /* Main.storyboard in Resources */ = {isa = PBXBuildFile; fileRef = A0542D0421AB9D9C00A9DA5B /* Main.storyboard */; };
		A0542D0821AB9D9D00A9DA5B /* Assets.xcassets in Resources */ = {isa = PBXBuildFile; fileRef = A0542D0721AB9D9D00A9DA5B /* Assets.xcassets */; };
		A0542D0B21AB9D9D00A9DA5B /* LaunchScreen.storyboard in Resources */ = {isa = PBXBuildFile; fileRef = A0542D0921AB9D9D00A9DA5B /* LaunchScreen.storyboard */; };
		A0542D1321ABD25200A9DA5B /* UICollectionViewHorizontalFlowLayout.swift in Sources */ = {isa = PBXBuildFile; fileRef = A0542D1221ABD25200A9DA5B /* UICollectionViewHorizontalFlowLayout.swift */; };
/* End PBXBuildFile section */

/* Begin PBXFileReference section */
		A0542CFD21AB9D9C00A9DA5B /* UICollectionViewFlowlayout.app */ = {isa = PBXFileReference; explicitFileType = wrapper.application; includeInIndex = 0; path = UICollectionViewFlowlayout.app; sourceTree = BUILT_PRODUCTS_DIR; };
		A0542D0021AB9D9C00A9DA5B /* AppDelegate.swift */ = {isa = PBXFileReference; lastKnownFileType = sourcecode.swift; path = AppDelegate.swift; sourceTree = "<group>"; };
		A0542D0221AB9D9C00A9DA5B /* ViewController.swift */ = {isa = PBXFileReference; lastKnownFileType = sourcecode.swift; path = ViewController.swift; sourceTree = "<group>"; };
		A0542D0521AB9D9C00A9DA5B /* Base */ = {isa = PBXFileReference; lastKnownFileType = file.storyboard; name = Base; path = Base.lproj/Main.storyboard; sourceTree = "<group>"; };
		A0542D0721AB9D9D00A9DA5B /* Assets.xcassets */ = {isa = PBXFileReference; lastKnownFileType = folder.assetcatalog; path = Assets.xcassets; sourceTree = "<group>"; };
		A0542D0A21AB9D9D00A9DA5B /* Base */ = {isa = PBXFileReference; lastKnownFileType = file.storyboard; name = Base; path = Base.lproj/LaunchScreen.storyboard; sourceTree = "<group>"; };
		A0542D0C21AB9D9D00A9DA5B /* Info.plist */ = {isa = PBXFileReference; lastKnownFileType = text.plist.xml; path = Info.plist; sourceTree = "<group>"; };
		A0542D1221ABD25200A9DA5B /* UICollectionViewHorizontalFlowLayout.swift */ = {isa = PBXFileReference; lastKnownFileType = sourcecode.swift; path = UICollectionViewHorizontalFlowLayout.swift; sourceTree = "<group>"; };
/* End PBXFileReference section */

/* Begin PBXFrameworksBuildPhase section */
		A0542CFA21AB9D9C00A9DA5B /* Frameworks */ = {
			isa = PBXFrameworksBuildPhase;
			buildActionMask = 2147483647;
			files = (
			);
			runOnlyForDeploymentPostprocessing = 0;
		};
/* End PBXFrameworksBuildPhase section */

/* Begin PBXGroup section */
		A0542CF421AB9D9C00A9DA5B = {
			isa = PBXGroup;
			children = (
				A0542CFF21AB9D9C00A9DA5B /* UICollectionViewFlowlayout */,
				A0542CFE21AB9D9C00A9DA5B /* Products */,
			);
			sourceTree = "<group>";
		};
		A0542CFE21AB9D9C00A9DA5B /* Products */ = {
			isa = PBXGroup;
			children = (
				A0542CFD21AB9D9C00A9DA5B /* UICollectionViewFlowlayout.app */,
			);
			name = Products;
			sourceTree = "<group>";
		};
		A0542CFF21AB9D9C00A9DA5B /* UICollectionViewFlowlayout */ = {
			isa = PBXGroup;
			children = (
				A0542D0021AB9D9C00A9DA5B /* AppDelegate.swift */,
				A0542D0221AB9D9C00A9DA5B /* ViewController.swift */,
				A0542D1221ABD25200A9DA5B /* UICollectionViewHorizontalFlowLayout.swift */,
				A0542D0421AB9D9C00A9DA5B /* Main.storyboard */,
				A0542D0721AB9D9D00A9DA5B /* Assets.xcassets */,
				A0542D0921AB9D9D00A9DA5B /* LaunchScreen.storyboard */,
				A0542D0C21AB9D9D00A9DA5B /* Info.plist */,
			);
			path = UICollectionViewFlowlayout;
			sourceTree = "<group>";
		};
/* End PBXGroup section */

/* Begin PBXNativeTarget section */
		A0542CFC21AB9D9C00A9DA5B /* UICollectionViewFlowlayout */ = {
			isa = PBXNativeTarget;
			buildConfigurationList = A0542D0F21AB9D9D00A9DA5B /* Build configuration list for PBXNativeTarget "UICollectionViewFlowlayout" */;
			buildPhases = (
				A0542CF921AB9D9C00A9DA5B /* Sources */,
				A0542CFA21AB9D9C00A9DA5B /* Frameworks */,
				A0542CFB21AB9D9C00A9DA5B /* Resources */,
			);
			buildRules = (
			);
			dependencies = (
			);
			name = UICollectionViewFlowlayout;
			productName = UICollectionViewFlowlayout;
			productReference = A0542CFD21AB9D9C00A9DA5B /* UICollectionViewFlowlayout.app */;
			productType = "com.apple.product-type.application";
		};
/* End PBXNativeTarget section */

/* Begin PBXProject section */
		A0542CF521AB9D9C00A9DA5B /* Project object */ = {
			isa = PBXProject;
			attributes = {
				LastSwiftUpdateCheck = 1010;
				LastUpgradeCheck = 1010;
				ORGANIZATIONNAME = lanjing;
				TargetAttributes = {
					A0542CFC21AB9D9C00A9DA5B = {
						CreatedOnToolsVersion = 10.1;
					};
				};
			};
			buildConfigurationList = A0542CF821AB9D9C00A9DA5B /* Build configuration list for PBXProject "UICollectionViewFlowlayout" */;
			compatibilityVersion = "Xcode 9.3";
			developmentRegion = en;
			hasScannedForEncodings = 0;
			knownRegions = (
				en,
				Base,
			);
			mainGroup = A0542CF421AB9D9C00A9DA5B;
			productRefGroup = A0542CFE21AB9D9C00A9DA5B /* Products */;
			projectDirPath = "";
			projectRoot = "";
			targets = (
				A0542CFC21AB9D9C00A9DA5B /* UICollectionViewFlowlayout */,
			);
		};
/* End PBXProject section */

/* Begin PBXResourcesBuildPhase section */
		A0542CFB21AB9D9C00A9DA5B /* Resources */ = {
			isa = PBXResourcesBuildPhase;
			buildActionMask = 2147483647;
			files = (
				A0542D0B21AB9D9D00A9DA5B /* LaunchScreen.storyboard in Resources */,
				A0542D0821AB9D9D00A9DA5B /* Assets.xcassets in Resources */,
				A0542D0621AB9D9C00A9DA5B /* Main.storyboard in Resources */,
			);
			runOnlyForDeploymentPostprocessing = 0;
		};
/* End PBXResourcesBuildPhase section */

/* Begin PBXSourcesBuildPhase section */
		A0542CF921AB9D9C00A9DA5B /* Sources */ = {
			isa = PBXSourcesBuildPhase;
			buildActionMask = 2147483647;
			files = (
				A0542D0321AB9D9C00A9DA5B /* ViewController.swift in Sources */,
				A0542D0121AB9D9C00A9DA5B /* AppDelegate.swift in Sources */,
				A0542D1321ABD25200A9DA5B /* UICollectionViewHorizontalFlowLayout.swift in Sources */,
			);
			runOnlyForDeploymentPostprocessing = 0;
		};
/* End PBXSourcesBuildPhase section */

/* Begin PBXVariantGroup section */
		A0542D0421AB9D9C00A9DA5B /* Main.storyboard */ = {
			isa = PBXVariantGroup;
			children = (
				A0542D0521AB9D9C00A9DA5B /* Base */,
			);
			name = Main.storyboard;
			sourceTree = "<group>";
		};
		A0542D0921AB9D9D00A9DA5B /* LaunchScreen.storyboard */ = {
			isa = PBXVariantGroup;
			children = (
				A0542D0A21AB9D9D00A9DA5B /* Base */,
			);
			name = LaunchScreen.storyboard;
			sourceTree = "<group>";
		};
/* End PBXVariantGroup section */

/* Begin XCBuildConfiguration section */
		A0542D0D21AB9D9D00A9DA5B /* Debug */ = {
			isa = XCBuildConfiguration;
			buildSettings = {
				ALWAYS_SEARCH_USER_PATHS = NO;
				CLANG_ANALYZER_NONNULL = YES;
				CLANG_ANALYZER_NUMBER_OBJECT_CONVERSION = YES_AGGRESSIVE;
				CLANG_CXX_LANGUAGE_STANDARD = "gnu++14";
				CLANG_CXX_LIBRARY = "libc++";
				CLANG_ENABLE_MODULES = YES;
				CLANG_ENABLE_OBJC_ARC = YES;
				CLANG_ENABLE_OBJC_WEAK = YES;
				CLANG_WARN_BLOCK_CAPTURE_AUTORELEASING = YES;
				CLANG_WARN_BOOL_CONVERSION = YES;
				CLANG_WARN_COMMA = YES;
				CLANG_WARN_CONSTANT_CONVERSION = YES;
				CLANG_WARN_DEPRECATED_OBJC_IMPLEMENTATIONS = YES;
				CLANG_WARN_DIRECT_OBJC_ISA_USAGE = YES_ERROR;
				CLANG_WARN_DOCUMENTATION_COMMENTS = YES;
				CLANG_WARN_EMPTY_BODY = YES;
				CLANG_WARN_ENUM_CONVERSION = YES;
				CLANG_WARN_INFINITE_RECURSION = YES;
				CLANG_WARN_INT_CONVERSION = YES;
				CLANG_WARN_NON_LITERAL_NULL_CONVERSION = YES;
				CLANG_WARN_OBJC_IMPLICIT_RETAIN_SELF = YES;
				CLANG_WARN_OBJC_LITERAL_CONVERSION = YES;
				CLANG_WARN_OBJC_ROOT_CLASS = YES_ERROR;
				CLANG_WARN_RANGE_LOOP_ANALYSIS = YES;
				CLANG_WARN_STRICT_PROTOTYPES = YES;
				CLANG_WARN_SUSPICIOUS_MOVE = YES;
				CLANG_WARN_UNGUARDED_AVAILABILITY = YES_AGGRESSIVE;
				CLANG_WARN_UNREACHABLE_CODE = YES;
				CLANG_WARN__DUPLICATE_METHOD_MATCH = YES;
				CODE_SIGN_IDENTITY = "iPhone Developer";
				COPY_PHASE_STRIP = NO;
				DEBUG_INFORMATION_FORMAT = dwarf;
				ENABLE_STRICT_OBJC_MSGSEND = YES;
				ENABLE_TESTABILITY = YES;
				GCC_C_LANGUAGE_STANDARD = gnu11;
				GCC_DYNAMIC_NO_PIC = NO;
				GCC_NO_COMMON_BLOCKS = YES;
				GCC_OPTIMIZATION_LEVEL = 0;
				GCC_PREPROCESSOR_DEFINITIONS = (
					"DEBUG=1",
					"$(inherited)",
				);
				GCC_WARN_64_TO_32_BIT_CONVERSION = YES;
				GCC_WARN_ABOUT_RETURN_TYPE = YES_ERROR;
				GCC_WARN_UNDECLARED_SELECTOR = YES;
				GCC_WARN_UNINITIALIZED_AUTOS = YES_AGGRESSIVE;
				GCC_WARN_UNUSED_FUNCTION = YES;
				GCC_WARN_UNUSED_VARIABLE = YES;
				IPHONEOS_DEPLOYMENT_TARGET = 12.1;
				MTL_ENABLE_DEBUG_INFO = INCLUDE_SOURCE;
				MTL_FAST_MATH = YES;
				ONLY_ACTIVE_ARCH = YES;
				SDKROOT = iphoneos;
				SWIFT_ACTIVE_COMPILATION_CONDITIONS = DEBUG;
				SWIFT_OPTIMIZATION_LEVEL = "-Onone";
			};
			name = Debug;
		};
		A0542D0E21AB9D9D00A9DA5B /* Release */ = {
			isa = XCBuildConfiguration;
			buildSettings = {
				ALWAYS_SEARCH_USER_PATHS = NO;
				CLANG_ANALYZER_NONNULL = YES;
				CLANG_ANALYZER_NUMBER_OBJECT_CONVERSION = YES_AGGRESSIVE;
				CLANG_CXX_LANGUAGE_STANDARD = "gnu++14";
				CLANG_CXX_LIBRARY = "libc++";
				CLANG_ENABLE_MODULES = YES;
				CLANG_ENABLE_OBJC_ARC = YES;
				CLANG_ENABLE_OBJC_WEAK = YES;
				CLANG_WARN_BLOCK_CAPTURE_AUTORELEASING = YES;
				CLANG_WARN_BOOL_CONVERSION = YES;
				CLANG_WARN_COMMA = YES;
				CLANG_WARN_CONSTANT_CONVERSION = YES;
				CLANG_WARN_DEPRECATED_OBJC_IMPLEMENTATIONS = YES;
				CLANG_WARN_DIRECT_OBJC_ISA_USAGE = YES_ERROR;
				CLANG_WARN_DOCUMENTATION_COMMENTS = YES;
				CLANG_WARN_EMPTY_BODY = YES;
				CLANG_WARN_ENUM_CONVERSION = YES;
				CLANG_WARN_INFINITE_RECURSION = YES;
				CLANG_WARN_INT_CONVERSION = YES;
				CLANG_WARN_NON_LITERAL_NULL_CONVERSION = YES;
				CLANG_WARN_OBJC_IMPLICIT_RETAIN_SELF = YES;
				CLANG_WARN_OBJC_LITERAL_CONVERSION = YES;
				CLANG_WARN_OBJC_ROOT_CLASS = YES_ERROR;
				CLANG_WARN_RANGE_LOOP_ANALYSIS = YES;
				CLANG_WARN_STRICT_PROTOTYPES = YES;
				CLANG_WARN_SUSPICIOUS_MOVE = YES;
				CLANG_WARN_UNGUARDED_AVAILABILITY = YES_AGGRESSIVE;
				CLANG_WARN_UNREACHABLE_CODE = YES;
				CLANG_WARN__DUPLICATE_METHOD_MATCH = YES;
				CODE_SIGN_IDENTITY = "iPhone Developer";
				COPY_PHASE_STRIP = NO;
				DEBUG_INFORMATION_FORMAT = "dwarf-with-dsym";
				ENABLE_NS_ASSERTIONS = NO;
				ENABLE_STRICT_OBJC_MSGSEND = YES;
				GCC_C_LANGUAGE_STANDARD = gnu11;
				GCC_NO_COMMON_BLOCKS = YES;
				GCC_WARN_64_TO_32_BIT_CONVERSION = YES;
				GCC_WARN_ABOUT_RETURN_TYPE = YES_ERROR;
				GCC_WARN_UNDECLARED_SELECTOR = YES;
				GCC_WARN_UNINITIALIZED_AUTOS = YES_AGGRESSIVE;
				GCC_WARN_UNUSED_FUNCTION = YES;
				GCC_WARN_UNUSED_VARIABLE = YES;
				IPHONEOS_DEPLOYMENT_TARGET = 12.1;
				MTL_ENABLE_DEBUG_INFO = NO;
				MTL_FAST_MATH = YES;
				SDKROOT = iphoneos;
				SWIFT_COMPILATION_MODE = wholemodule;
				SWIFT_OPTIMIZATION_LEVEL = "-O";
				VALIDATE_PRODUCT = YES;
			};
			name = Release;
		};
		A0542D1021AB9D9D00A9DA5B /* Debug */ = {
			isa = XCBuildConfiguration;
			buildSettings = {
				ASSETCATALOG_COMPILER_APPICON_NAME = AppIcon;
				CODE_SIGN_STYLE = Automatic;
				DEVELOPMENT_TEAM = 85NJ3DGBWJ;
				INFOPLIST_FILE = UICollectionViewFlowlayout/Info.plist;
				LD_RUNPATH_SEARCH_PATHS = (
					"$(inherited)",
					"@executable_path/Frameworks",
				);
				PRODUCT_BUNDLE_IDENTIFIER = com.ww.UICollectionViewFlowlayout;
				PRODUCT_NAME = "$(TARGET_NAME)";
				SWIFT_VERSION = 4.2;
				TARGETED_DEVICE_FAMILY = "1,2";
			};
			name = Debug;
		};
		A0542D1121AB9D9D00A9DA5B /* Release */ = {
			isa = XCBuildConfiguration;
			buildSettings = {
				ASSETCATALOG_COMPILER_APPICON_NAME = AppIcon;
				CODE_SIGN_STYLE = Automatic;
				DEVELOPMENT_TEAM = 85NJ3DGBWJ;
				INFOPLIST_FILE = UICollectionViewFlowlayout/Info.plist;
				LD_RUNPATH_SEARCH_PATHS = (
					"$(inherited)",
					"@executable_path/Frameworks",
				);
				PRODUCT_BUNDLE_IDENTIFIER = com.ww.UICollectionViewFlowlayout;
				PRODUCT_NAME = "$(TARGET_NAME)";
				SWIFT_VERSION = 4.2;
				TARGETED_DEVICE_FAMILY = "1,2";
			};
			name = Release;
		};
/* End XCBuildConfiguration section */

/* Begin XCConfigurationList section */
		A0542CF821AB9D9C00A9DA5B /* Build configuration list for PBXProject "UICollectionViewFlowlayout" */ = {
			isa = XCConfigurationList;
			buildConfigurations = (
				A0542D0D21AB9D9D00A9DA5B /* Debug */,
				A0542D0E21AB9D9D00A9DA5B /* Release */,
			);
			defaultConfigurationIsVisible = 0;
			defaultConfigurationName = Release;
		};
		A0542D0F21AB9D9D00A9DA5B /* Build configuration list for PBXNativeTarget "UICollectionViewFlowlayout" */ = {
			isa = XCConfigurationList;
			buildConfigurations = (
				A0542D1021AB9D9D00A9DA5B /* Debug */,
				A0542D1121AB9D9D00A9DA5B /* Release */,
			);
			defaultConfigurationIsVisible = 0;
			defaultConfigurationName = Release;
		};
/* End XCConfigurationList section */
	};
	rootObject = A0542CF521AB9D9C00A9DA5B /* Project object */;
}
